
Microsoft Visual Studio Solution File, Format Version 12.00
# Visual Studio Version 17
VisualStudioVersion = 17.11.35327.3
MinimumVisualStudioVersion = 10.0.40219.1
Project("{FAE04EC0-301F-11D3-BF4B-00C04F79EFBC}") = "EmployeeAdminPortal", "EmployeeAdminPortal\EmployeeAdminPortal.csproj", "{0AD4D202-BAC6-4E97-B756-2030F28863C9}"
EndProject
Global
	GlobalSection(SolutionConfigurationPlatforms) = preSolution
		Debug|Any CPU = Debug|Any CPU
		Release|Any CPU = Release|Any CPU
	EndGlobalSection
	GlobalSection(ProjectConfigurationPlatforms) = postSolution
		{0AD4D202-BAC6-4E97-B756-2030F28863C9}.Debug|Any CPU.ActiveCfg = Debug|Any CPU
		{0AD4D202-BAC6-4E97-B756-2030F28863C9}.Debug|Any CPU.Build.0 = Debug|Any CPU
		{0AD4D202-BAC6-4E97-B756-2030F28863C9}.Release|Any CPU.ActiveCfg = Release|Any CPU
		{0AD4D202-BAC6-4E97-B756-2030F28863C9}.Release|Any CPU.Build.0 = Release|Any CPU
	EndGlobalSection
	GlobalSection(SolutionProperties) = preSolution
		HideSolutionNode = FALSE
	EndGlobalSection
	GlobalSection(ExtensibilityGlobals) = postSolution
		SolutionGuid = {08B64FB1-2E61-422E-8360-53E700F81F6B}
	EndGlobalSection
EndGlobal
